
Microsoft Visual Studio Solution File, Format Version 12.00
# Visual Studio Version 17
VisualStudioVersion = 17.3.32901.215
MinimumVisualStudioVersion = 10.0.40219.1
Project("{2150E333-8FDC-42A3-9474-1A3956D46DE8}") = "1-Services", "1-Services", "{EE9DFF0C-EA7C-41DF-AF60-C414F27B6420}"
EndProject
Project("{2150E333-8FDC-42A3-9474-1A3956D46DE8}") = "2-Application", "2-Application", "{6AB2D5B4-3741-4B8D-B98D-5BFC31746D06}"
EndProject
Project("{2150E333-8FDC-42A3-9474-1A3956D46DE8}") = "3-Domain", "3-Domain", "{FA8F244A-AE2D-4A12-9DA8-D40F83640B41}"
EndProject
Project("{2150E333-8FDC-42A3-9474-1A3956D46DE8}") = "4-Infra", "4-Infra", "{6F01B523-93AA-47D3-87A1-EE7E6CBD746A}"
EndProject
Project("{9A19103F-16F7-4668-BE54-9A1E7A4F7556}") = "CursosDeIdiomas.Services", "CursosDeIdiomas.Services\CursosDeIdiomas.Services.csproj", "{484DD1A3-7453-46D4-BDEA-8CEDBC8FE86C}"
	ProjectSection(ProjectDependencies) = postProject
		{50D5C854-744F-4688-94A2-DDBAA10C44D1} = {50D5C854-744F-4688-94A2-DDBAA10C44D1}
		{53C543E1-EE4E-48B6-8B55-644992B7571D} = {53C543E1-EE4E-48B6-8B55-644992B7571D}
		{95B7B812-EB97-48A4-A680-B64E2ACB0130} = {95B7B812-EB97-48A4-A680-B64E2ACB0130}
		{C6B6AF19-2D8C-45FD-94EE-A2BB6332AE6D} = {C6B6AF19-2D8C-45FD-94EE-A2BB6332AE6D}
	EndProjectSection
EndProject
Project("{9A19103F-16F7-4668-BE54-9A1E7A4F7556}") = "CursosDeIdiomas.Application", "CursosDeIdiomas.Application\CursosDeIdiomas.Application.csproj", "{C6B6AF19-2D8C-45FD-94EE-A2BB6332AE6D}"
EndProject
Project("{9A19103F-16F7-4668-BE54-9A1E7A4F7556}") = "CursosDeIdiomas.Domain", "CursosDeIdiomas.Domain\CursosDeIdiomas.Domain.csproj", "{95B7B812-EB97-48A4-A680-B64E2ACB0130}"
EndProject
Project("{9A19103F-16F7-4668-BE54-9A1E7A4F7556}") = "CursosDeIdiomas.Domain.core", "CursosDeIdiomas.Domain.core\CursosDeIdiomas.Domain.core.csproj", "{53C543E1-EE4E-48B6-8B55-644992B7571D}"
EndProject
Project("{9A19103F-16F7-4668-BE54-9A1E7A4F7556}") = "CursosDeIdiomas.Domin.Services", "CursosDeIdiomas.Domin.Services\CursosDeIdiomas.Domin.Services.csproj", "{50D5C854-744F-4688-94A2-DDBAA10C44D1}"
EndProject
Project("{9A19103F-16F7-4668-BE54-9A1E7A4F7556}") = "CursosDeIdiomas.Infra", "CursosDeIdiomas.Infra\CursosDeIdiomas.Infra.csproj", "{A6AC5D31-D71D-410B-9F2F-E34D943D4ECE}"
EndProject
Global
	GlobalSection(SolutionConfigurationPlatforms) = preSolution
		Debug|Any CPU = Debug|Any CPU
		Release|Any CPU = Release|Any CPU
	EndGlobalSection
	GlobalSection(ProjectConfigurationPlatforms) = postSolution
		{484DD1A3-7453-46D4-BDEA-8CEDBC8FE86C}.Debug|Any CPU.ActiveCfg = Debug|Any CPU
		{484DD1A3-7453-46D4-BDEA-8CEDBC8FE86C}.Debug|Any CPU.Build.0 = Debug|Any CPU
		{484DD1A3-7453-46D4-BDEA-8CEDBC8FE86C}.Release|Any CPU.ActiveCfg = Release|Any CPU
		{484DD1A3-7453-46D4-BDEA-8CEDBC8FE86C}.Release|Any CPU.Build.0 = Release|Any CPU
		{C6B6AF19-2D8C-45FD-94EE-A2BB6332AE6D}.Debug|Any CPU.ActiveCfg = Debug|Any CPU
		{C6B6AF19-2D8C-45FD-94EE-A2BB6332AE6D}.Debug|Any CPU.Build.0 = Debug|Any CPU
		{C6B6AF19-2D8C-45FD-94EE-A2BB6332AE6D}.Release|Any CPU.ActiveCfg = Release|Any CPU
		{C6B6AF19-2D8C-45FD-94EE-A2BB6332AE6D}.Release|Any CPU.Build.0 = Release|Any CPU
		{95B7B812-EB97-48A4-A680-B64E2ACB0130}.Debug|Any CPU.ActiveCfg = Debug|Any CPU
		{95B7B812-EB97-48A4-A680-B64E2ACB0130}.Debug|Any CPU.Build.0 = Debug|Any CPU
		{95B7B812-EB97-48A4-A680-B64E2ACB0130}.Release|Any CPU.ActiveCfg = Release|Any CPU
		{95B7B812-EB97-48A4-A680-B64E2ACB0130}.Release|Any CPU.Build.0 = Release|Any CPU
		{53C543E1-EE4E-48B6-8B55-644992B7571D}.Debug|Any CPU.ActiveCfg = Debug|Any CPU
		{53C543E1-EE4E-48B6-8B55-644992B7571D}.Debug|Any CPU.Build.0 = Debug|Any CPU
		{53C543E1-EE4E-48B6-8B55-644992B7571D}.Release|Any CPU.ActiveCfg = Release|Any CPU
		{53C543E1-EE4E-48B6-8B55-644992B7571D}.Release|Any CPU.Build.0 = Release|Any CPU
		{50D5C854-744F-4688-94A2-DDBAA10C44D1}.Debug|Any CPU.ActiveCfg = Debug|Any CPU
		{50D5C854-744F-4688-94A2-DDBAA10C44D1}.Debug|Any CPU.Build.0 = Debug|Any CPU
		{50D5C854-744F-4688-94A2-DDBAA10C44D1}.Release|Any CPU.ActiveCfg = Release|Any CPU
		{50D5C854-744F-4688-94A2-DDBAA10C44D1}.Release|Any CPU.Build.0 = Release|Any CPU
		{A6AC5D31-D71D-410B-9F2F-E34D943D4ECE}.Debug|Any CPU.ActiveCfg = Debug|Any CPU
		{A6AC5D31-D71D-410B-9F2F-E34D943D4ECE}.Debug|Any CPU.Build.0 = Debug|Any CPU
		{A6AC5D31-D71D-410B-9F2F-E34D943D4ECE}.Release|Any CPU.ActiveCfg = Release|Any CPU
		{A6AC5D31-D71D-410B-9F2F-E34D943D4ECE}.Release|Any CPU.Build.0 = Release|Any CPU
	EndGlobalSection
	GlobalSection(SolutionProperties) = preSolution
		HideSolutionNode = FALSE
	EndGlobalSection
	GlobalSection(NestedProjects) = preSolution
		{484DD1A3-7453-46D4-BDEA-8CEDBC8FE86C} = {EE9DFF0C-EA7C-41DF-AF60-C414F27B6420}
		{C6B6AF19-2D8C-45FD-94EE-A2BB6332AE6D} = {6AB2D5B4-3741-4B8D-B98D-5BFC31746D06}
		{95B7B812-EB97-48A4-A680-B64E2ACB0130} = {FA8F244A-AE2D-4A12-9DA8-D40F83640B41}
		{53C543E1-EE4E-48B6-8B55-644992B7571D} = {FA8F244A-AE2D-4A12-9DA8-D40F83640B41}
		{50D5C854-744F-4688-94A2-DDBAA10C44D1} = {FA8F244A-AE2D-4A12-9DA8-D40F83640B41}
		{A6AC5D31-D71D-410B-9F2F-E34D943D4ECE} = {6F01B523-93AA-47D3-87A1-EE7E6CBD746A}
	EndGlobalSection
	GlobalSection(ExtensibilityGlobals) = postSolution
		SolutionGuid = {645FDFAB-A2EF-4B9C-84F8-BDA80ECCF129}
	EndGlobalSection
EndGlobal
